
Microsoft Visual Studio Solution File, Format Version 12.00
# Visual Studio Version 17
VisualStudioVersion = 17.7.34221.43
MinimumVisualStudioVersion = 10.0.40219.1
Project("{9A19103F-16F7-4668-BE54-9A1E7A4F7556}") = "DebianRepository", "DebianRepository\DebianRepository.csproj", "{AD565493-DFD8-4810-AE9B-1CCF6A5CD386}"
EndProject
Global
	GlobalSection(SolutionConfigurationPlatforms) = preSolution
		Debug|Any CPU = Debug|Any CPU
		Release|Any CPU = Release|Any CPU
	EndGlobalSection
	GlobalSection(ProjectConfigurationPlatforms) = postSolution
		{AD565493-DFD8-4810-AE9B-1CCF6A5CD386}.Debug|Any CPU.ActiveCfg = Debug|Any CPU
		{AD565493-DFD8-4810-AE9B-1CCF6A5CD386}.Debug|Any CPU.Build.0 = Debug|Any CPU
		{AD565493-DFD8-4810-AE9B-1CCF6A5CD386}.Release|Any CPU.ActiveCfg = Release|Any CPU
		{AD565493-DFD8-4810-AE9B-1CCF6A5CD386}.Release|Any CPU.Build.0 = Release|Any CPU
	EndGlobalSection
	GlobalSection(SolutionProperties) = preSolution
		HideSolutionNode = FALSE
	EndGlobalSection
	GlobalSection(ExtensibilityGlobals) = postSolution
		SolutionGuid = {D1B3F31F-E4FC-46A6-AB0C-AD3EACB8A2C5}
	EndGlobalSection
EndGlobal
